
Microsoft Visual Studio Solution File, Format Version 12.00
# Visual Studio 14
VisualStudioVersion = 14.0.24720.0
MinimumVisualStudioVersion = 10.0.40219.1
Project("{FAE04EC0-301F-11D3-BF4B-00C04F79EFBC}") = "InfinniPlatform.PrintViewDesigner", "InfinniPlatform.PrintViewDesigner\InfinniPlatform.PrintViewDesigner.csproj", "{5E5C6503-E141-4DEC-A930-58C0E4DE0D30}"
EndProject
Project("{2150E333-8FDC-42A3-9474-1A3956D46DE8}") = ".files", ".files", "{73327C54-0E54-437C-B0FD-BA4218C62B3C}"
EndProject
Project("{2150E333-8FDC-42A3-9474-1A3956D46DE8}") = "Packaging", "Packaging", "{98B1D4D4-16E8-4728-8463-793BCF7881AF}"
	ProjectSection(SolutionItems) = preProject
		.files\Packaging\BuildNupkg.bat = .files\Packaging\BuildNupkg.bat
		.files\Packaging\BuildNupkg.ps1 = .files\Packaging\BuildNupkg.ps1
		.files\Packaging\BuildSymbols.ps1 = .files\Packaging\BuildSymbols.ps1
		.files\Packaging\CreateNuspec.ps1 = .files\Packaging\CreateNuspec.ps1
		.files\Packaging\GlobalAssemblyInfo.cs = .files\Packaging\GlobalAssemblyInfo.cs
	EndProjectSection
EndProject
Project("{2150E333-8FDC-42A3-9474-1A3956D46DE8}") = "DevExpress.Xpf", "DevExpress.Xpf", "{BEBFC705-7265-49A3-8E7D-306A6BDB0DBB}"
	ProjectSection(SolutionItems) = preProject
		.files\DevExpress.Xpf\DevExpress.Data.v13.2.dll = .files\DevExpress.Xpf\DevExpress.Data.v13.2.dll
		.files\DevExpress.Xpf\DevExpress.Xpf.Core.v13.2.dll = .files\DevExpress.Xpf\DevExpress.Xpf.Core.v13.2.dll
		.files\DevExpress.Xpf\DevExpress.Xpf.Core.v13.2.Extensions.dll = .files\DevExpress.Xpf\DevExpress.Xpf.Core.v13.2.Extensions.dll
		.files\DevExpress.Xpf\DevExpress.Xpf.Docking.v13.2.dll = .files\DevExpress.Xpf\DevExpress.Xpf.Docking.v13.2.dll
		.files\DevExpress.Xpf\DevExpress.Xpf.Grid.v13.2.Core.dll = .files\DevExpress.Xpf\DevExpress.Xpf.Grid.v13.2.Core.dll
		.files\DevExpress.Xpf\DevExpress.Xpf.Grid.v13.2.dll = .files\DevExpress.Xpf\DevExpress.Xpf.Grid.v13.2.dll
		.files\DevExpress.Xpf\DevExpress.Xpf.Grid.v13.2.Extensions.dll = .files\DevExpress.Xpf\DevExpress.Xpf.Grid.v13.2.Extensions.dll
		.files\DevExpress.Xpf\DevExpress.Xpf.Layout.v13.2.Core.dll = .files\DevExpress.Xpf\DevExpress.Xpf.Layout.v13.2.Core.dll
		.files\DevExpress.Xpf\DevExpress.Xpf.LayoutControl.v13.2.dll = .files\DevExpress.Xpf\DevExpress.Xpf.LayoutControl.v13.2.dll
		.files\DevExpress.Xpf\DevExpress.Xpf.Mvvm.v13.2.dll = .files\DevExpress.Xpf\DevExpress.Xpf.Mvvm.v13.2.dll
		.files\DevExpress.Xpf\DevExpress.Xpf.Themes.MetropolisLight.v13.2.dll = .files\DevExpress.Xpf\DevExpress.Xpf.Themes.MetropolisLight.v13.2.dll
	EndProjectSection
EndProject
Global
	GlobalSection(SolutionConfigurationPlatforms) = preSolution
		Debug|Any CPU = Debug|Any CPU
		Release_TeamCity|Any CPU = Release_TeamCity|Any CPU
		Release|Any CPU = Release|Any CPU
	EndGlobalSection
	GlobalSection(ProjectConfigurationPlatforms) = postSolution
		{5E5C6503-E141-4DEC-A930-58C0E4DE0D30}.Debug|Any CPU.ActiveCfg = Debug|Any CPU
		{5E5C6503-E141-4DEC-A930-58C0E4DE0D30}.Debug|Any CPU.Build.0 = Debug|Any CPU
		{5E5C6503-E141-4DEC-A930-58C0E4DE0D30}.Release_TeamCity|Any CPU.ActiveCfg = Release_TeamCity|Any CPU
		{5E5C6503-E141-4DEC-A930-58C0E4DE0D30}.Release_TeamCity|Any CPU.Build.0 = Release_TeamCity|Any CPU
		{5E5C6503-E141-4DEC-A930-58C0E4DE0D30}.Release|Any CPU.ActiveCfg = Release|Any CPU
		{5E5C6503-E141-4DEC-A930-58C0E4DE0D30}.Release|Any CPU.Build.0 = Release|Any CPU
	EndGlobalSection
	GlobalSection(SolutionProperties) = preSolution
		HideSolutionNode = FALSE
	EndGlobalSection
	GlobalSection(NestedProjects) = preSolution
		{98B1D4D4-16E8-4728-8463-793BCF7881AF} = {73327C54-0E54-437C-B0FD-BA4218C62B3C}
		{BEBFC705-7265-49A3-8E7D-306A6BDB0DBB} = {73327C54-0E54-437C-B0FD-BA4218C62B3C}
	EndGlobalSection
EndGlobal
